
Microsoft Visual Studio Solution File, Format Version 12.00
Project("{FAE04EC0-301F-11D3-BF4B-00C04F79EFBC}") = "IPv4CalculatorOOP", "IPv4CalculatorOOP\IPv4CalculatorOOP.csproj", "{09EAB1BB-2487-40C9-A2D6-C2D18F98A0BA}"
EndProject
Project("{FAE04EC0-301F-11D3-BF4B-00C04F79EFBC}") = "IPv4Calculator.Core", "IPv4Calculator.Core\IPv4Calculator.Core.csproj", "{8FD74A93-39AB-4BF1-AF9B-54B338B88F6B}"
EndProject
Project("{FAE04EC0-301F-11D3-BF4B-00C04F79EFBC}") = "IPv4Calculator.Logic", "IPv4Calculator.Logic\IPv4Calculator.Logic.csproj", "{442E58A7-7364-4EAE-9BFE-D098981F421A}"
EndProject
Global
	GlobalSection(SolutionConfigurationPlatforms) = preSolution
		Debug|Any CPU = Debug|Any CPU
		Release|Any CPU = Release|Any CPU
	EndGlobalSection
	GlobalSection(ProjectConfigurationPlatforms) = postSolution
		{09EAB1BB-2487-40C9-A2D6-C2D18F98A0BA}.Debug|Any CPU.ActiveCfg = Debug|Any CPU
		{09EAB1BB-2487-40C9-A2D6-C2D18F98A0BA}.Debug|Any CPU.Build.0 = Debug|Any CPU
		{09EAB1BB-2487-40C9-A2D6-C2D18F98A0BA}.Release|Any CPU.ActiveCfg = Release|Any CPU
		{09EAB1BB-2487-40C9-A2D6-C2D18F98A0BA}.Release|Any CPU.Build.0 = Release|Any CPU
		{8FD74A93-39AB-4BF1-AF9B-54B338B88F6B}.Debug|Any CPU.ActiveCfg = Debug|Any CPU
		{8FD74A93-39AB-4BF1-AF9B-54B338B88F6B}.Debug|Any CPU.Build.0 = Debug|Any CPU
		{8FD74A93-39AB-4BF1-AF9B-54B338B88F6B}.Release|Any CPU.ActiveCfg = Release|Any CPU
		{8FD74A93-39AB-4BF1-AF9B-54B338B88F6B}.Release|Any CPU.Build.0 = Release|Any CPU
		{442E58A7-7364-4EAE-9BFE-D098981F421A}.Debug|Any CPU.ActiveCfg = Debug|Any CPU
		{442E58A7-7364-4EAE-9BFE-D098981F421A}.Debug|Any CPU.Build.0 = Debug|Any CPU
		{442E58A7-7364-4EAE-9BFE-D098981F421A}.Release|Any CPU.ActiveCfg = Release|Any CPU
		{442E58A7-7364-4EAE-9BFE-D098981F421A}.Release|Any CPU.Build.0 = Release|Any CPU
	EndGlobalSection
EndGlobal
